
Microsoft Visual Studio Solution File, Format Version 12.00
Project("{FAE04EC0-301F-11D3-BF4B-00C04F79EFBC}") = "Models", "src\Models\Models.csproj", "{C02684F4-F9AF-4561-986C-3823B863EC37}"
EndProject
Project("{FAE04EC0-301F-11D3-BF4B-00C04F79EFBC}") = "API", "src\API\API.csproj", "{BB06E6B2-B852-4137-84D0-3FBD71E76005}"
EndProject
Global
	GlobalSection(SolutionConfigurationPlatforms) = preSolution
		Debug|Any CPU = Debug|Any CPU
		Release|Any CPU = Release|Any CPU
	EndGlobalSection
	GlobalSection(ProjectConfigurationPlatforms) = postSolution
		{C02684F4-F9AF-4561-986C-3823B863EC37}.Debug|Any CPU.ActiveCfg = Debug|Any CPU
		{C02684F4-F9AF-4561-986C-3823B863EC37}.Debug|Any CPU.Build.0 = Debug|Any CPU
		{C02684F4-F9AF-4561-986C-3823B863EC37}.Release|Any CPU.ActiveCfg = Release|Any CPU
		{C02684F4-F9AF-4561-986C-3823B863EC37}.Release|Any CPU.Build.0 = Release|Any CPU
		{BB06E6B2-B852-4137-84D0-3FBD71E76005}.Debug|Any CPU.ActiveCfg = Debug|Any CPU
		{BB06E6B2-B852-4137-84D0-3FBD71E76005}.Debug|Any CPU.Build.0 = Debug|Any CPU
		{BB06E6B2-B852-4137-84D0-3FBD71E76005}.Release|Any CPU.ActiveCfg = Release|Any CPU
		{BB06E6B2-B852-4137-84D0-3FBD71E76005}.Release|Any CPU.Build.0 = Release|Any CPU
	EndGlobalSection
EndGlobal
